// !$*UTF8*$!
{
	archiveVersion = 1;
	classes = {
	};
	objectVersion = 46;
	objects = {

/* Begin PBXBuildFile section */
		9C406C661A11CAB200D1F63E /* AppDelegate.swift in Sources */ = {isa = PBXBuildFile; fileRef = 9C406C651A11CAB200D1F63E /* AppDelegate.swift */; };
		9C406C681A11CAB200D1F63E /* Images.xcassets in Resources */ = {isa = PBXBuildFile; fileRef = 9C406C671A11CAB200D1F63E /* Images.xcassets */; };
		9C406C6B1A11CAB200D1F63E /* MainMenu.xib in Resources */ = {isa = PBXBuildFile; fileRef = 9C406C691A11CAB200D1F63E /* MainMenu.xib */; };
		9C406C771A11CAB300D1F63E /* TennisGameTests.swift in Sources */ = {isa = PBXBuildFile; fileRef = 9C406C761A11CAB300D1F63E /* TennisGameTests.swift */; };
		9C406C811A11CBA300D1F63E /* Tennis.swift in Sources */ = {isa = PBXBuildFile; fileRef = 9C406C801A11CBA300D1F63E /* Tennis.swift */; };
		9C406C821A11CBA300D1F63E /* Tennis.swift in Sources */ = {isa = PBXBuildFile; fileRef = 9C406C801A11CBA300D1F63E /* Tennis.swift */; };
/* End PBXBuildFile section */

/* Begin PBXContainerItemProxy section */
		9C406C711A11CAB300D1F63E /* PBXContainerItemProxy */ = {
			isa = PBXContainerItemProxy;
			containerPortal = 9C406C581A11CAB200D1F63E /* Project object */;
			proxyType = 1;
			remoteGlobalIDString = 9C406C5F1A11CAB200D1F63E;
			remoteInfo = TennisGame;
		};
/* End PBXContainerItemProxy section */

/* Begin PBXFileReference section */
		9C406C601A11CAB200D1F63E /* TennisGame.app */ = {isa = PBXFileReference; explicitFileType = wrapper.application; includeInIndex = 0; path = TennisGame.app; sourceTree = BUILT_PRODUCTS_DIR; };
		9C406C641A11CAB200D1F63E /* Info.plist */ = {isa = PBXFileReference; lastKnownFileType = text.plist.xml; path = Info.plist; sourceTree = "<group>"; };
		9C406C651A11CAB200D1F63E /* AppDelegate.swift */ = {isa = PBXFileReference; lastKnownFileType = sourcecode.swift; path = AppDelegate.swift; sourceTree = "<group>"; };
		9C406C671A11CAB200D1F63E /* Images.xcassets */ = {isa = PBXFileReference; lastKnownFileType = folder.assetcatalog; path = Images.xcassets; sourceTree = "<group>"; };
		9C406C6A1A11CAB200D1F63E /* Base */ = {isa = PBXFileReference; lastKnownFileType = file.xib; name = Base; path = Base.lproj/MainMenu.xib; sourceTree = "<group>"; };
		9C406C701A11CAB300D1F63E /* TennisGameTests.xctest */ = {isa = PBXFileReference; explicitFileType = wrapper.cfbundle; includeInIndex = 0; path = TennisGameTests.xctest; sourceTree = BUILT_PRODUCTS_DIR; };
		9C406C751A11CAB300D1F63E /* Info.plist */ = {isa = PBXFileReference; lastKnownFileType = text.plist.xml; path = Info.plist; sourceTree = "<group>"; };
		9C406C761A11CAB300D1F63E /* TennisGameTests.swift */ = {isa = PBXFileReference; lastKnownFileType = sourcecode.swift; path = TennisGameTests.swift; sourceTree = "<group>"; };
		9C406C801A11CBA300D1F63E /* Tennis.swift */ = {isa = PBXFileReference; fileEncoding = 4; lastKnownFileType = sourcecode.swift; name = Tennis.swift; path = TennisGame/Tennis.swift; sourceTree = SOURCE_ROOT; };
/* End PBXFileReference section */

/* Begin PBXFrameworksBuildPhase section */
		9C406C5D1A11CAB200D1F63E /* Frameworks */ = {
			isa = PBXFrameworksBuildPhase;
			buildActionMask = 2147483647;
			files = (
			);
			runOnlyForDeploymentPostprocessing = 0;
		};
		9C406C6D1A11CAB300D1F63E /* Frameworks */ = {
			isa = PBXFrameworksBuildPhase;
			buildActionMask = 2147483647;
			files = (
			);
			runOnlyForDeploymentPostprocessing = 0;
		};
/* End PBXFrameworksBuildPhase section */

/* Begin PBXGroup section */
		9C406C571A11CAB200D1F63E = {
			isa = PBXGroup;
			children = (
				9C406C621A11CAB200D1F63E /* TennisGame */,
				9C406C731A11CAB300D1F63E /* TennisGameTests */,
				9C406C611A11CAB200D1F63E /* Products */,
			);
			sourceTree = "<group>";
		};
		9C406C611A11CAB200D1F63E /* Products */ = {
			isa = PBXGroup;
			children = (
				9C406C601A11CAB200D1F63E /* TennisGame.app */,
				9C406C701A11CAB300D1F63E /* TennisGameTests.xctest */,
			);
			name = Products;
			sourceTree = "<group>";
		};
		9C406C621A11CAB200D1F63E /* TennisGame */ = {
			isa = PBXGroup;
			children = (
				9C406C651A11CAB200D1F63E /* AppDelegate.swift */,
				9C406C801A11CBA300D1F63E /* Tennis.swift */,
				9C406C671A11CAB200D1F63E /* Images.xcassets */,
				9C406C691A11CAB200D1F63E /* MainMenu.xib */,
				9C406C631A11CAB200D1F63E /* Supporting Files */,
			);
			path = TennisGame;
			sourceTree = "<group>";
		};
		9C406C631A11CAB200D1F63E /* Supporting Files */ = {
			isa = PBXGroup;
			children = (
				9C406C641A11CAB200D1F63E /* Info.plist */,
			);
			name = "Supporting Files";
			sourceTree = "<group>";
		};
		9C406C731A11CAB300D1F63E /* TennisGameTests */ = {
			isa = PBXGroup;
			children = (
				9C406C761A11CAB300D1F63E /* TennisGameTests.swift */,
				9C406C741A11CAB300D1F63E /* Supporting Files */,
			);
			path = TennisGameTests;
			sourceTree = "<group>";
		};
		9C406C741A11CAB300D1F63E /* Supporting Files */ = {
			isa = PBXGroup;
			children = (
				9C406C751A11CAB300D1F63E /* Info.plist */,
			);
			name = "Supporting Files";
			sourceTree = "<group>";
		};
/* End PBXGroup section */

/* Begin PBXNativeTarget section */
		9C406C5F1A11CAB200D1F63E /* TennisGame */ = {
			isa = PBXNativeTarget;
			buildConfigurationList = 9C406C7A1A11CAB300D1F63E /* Build configuration list for PBXNativeTarget "TennisGame" */;
			buildPhases = (
				9C406C5C1A11CAB200D1F63E /* Sources */,
				9C406C5D1A11CAB200D1F63E /* Frameworks */,
				9C406C5E1A11CAB200D1F63E /* Resources */,
			);
			buildRules = (
			);
			dependencies = (
			);
			name = TennisGame;
			productName = TennisGame;
			productReference = 9C406C601A11CAB200D1F63E /* TennisGame.app */;
			productType = "com.apple.product-type.application";
		};
		9C406C6F1A11CAB300D1F63E /* TennisGameTests */ = {
			isa = PBXNativeTarget;
			buildConfigurationList = 9C406C7D1A11CAB300D1F63E /* Build configuration list for PBXNativeTarget "TennisGameTests" */;
			buildPhases = (
				9C406C6C1A11CAB300D1F63E /* Sources */,
				9C406C6D1A11CAB300D1F63E /* Frameworks */,
				9C406C6E1A11CAB300D1F63E /* Resources */,
			);
			buildRules = (
			);
			dependencies = (
				9C406C721A11CAB300D1F63E /* PBXTargetDependency */,
			);
			name = TennisGameTests;
			productName = TennisGameTests;
			productReference = 9C406C701A11CAB300D1F63E /* TennisGameTests.xctest */;
			productType = "com.apple.product-type.bundle.unit-test";
		};
/* End PBXNativeTarget section */

/* Begin PBXProject section */
		9C406C581A11CAB200D1F63E /* Project object */ = {
			isa = PBXProject;
			attributes = {
				LastUpgradeCheck = 0610;
				ORGANIZATIONNAME = lihui;
				TargetAttributes = {
					9C406C5F1A11CAB200D1F63E = {
						CreatedOnToolsVersion = 6.1;
					};
					9C406C6F1A11CAB300D1F63E = {
						CreatedOnToolsVersion = 6.1;
					};
				};
			};
			buildConfigurationList = 9C406C5B1A11CAB200D1F63E /* Build configuration list for PBXProject "TennisGame" */;
			compatibilityVersion = "Xcode 3.2";
			developmentRegion = English;
			hasScannedForEncodings = 0;
			knownRegions = (
				en,
				Base,
			);
			mainGroup = 9C406C571A11CAB200D1F63E;
			productRefGroup = 9C406C611A11CAB200D1F63E /* Products */;
			projectDirPath = "";
			projectRoot = "";
			targets = (
				9C406C5F1A11CAB200D1F63E /* TennisGame */,
				9C406C6F1A11CAB300D1F63E /* TennisGameTests */,
			);
		};
/* End PBXProject section */

/* Begin PBXResourcesBuildPhase section */
		9C406C5E1A11CAB200D1F63E /* Resources */ = {
			isa = PBXResourcesBuildPhase;
			buildActionMask = 2147483647;
			files = (
				9C406C681A11CAB200D1F63E /* Images.xcassets in Resources */,
				9C406C6B1A11CAB200D1F63E /* MainMenu.xib in Resources */,
			);
			runOnlyForDeploymentPostprocessing = 0;
		};
		9C406C6E1A11CAB300D1F63E /* Resources */ = {
			isa = PBXResourcesBuildPhase;
			buildActionMask = 2147483647;
			files = (
			);
			runOnlyForDeploymentPostprocessing = 0;
		};
/* End PBXResourcesBuildPhase section */

/* Begin PBXSourcesBuildPhase section */
		9C406C5C1A11CAB200D1F63E /* Sources */ = {
			isa = PBXSourcesBuildPhase;
			buildActionMask = 2147483647;
			files = (
				9C406C811A11CBA300D1F63E /* Tennis.swift in Sources */,
				9C406C661A11CAB200D1F63E /* AppDelegate.swift in Sources */,
			);
			runOnlyForDeploymentPostprocessing = 0;
		};
		9C406C6C1A11CAB300D1F63E /* Sources */ = {
			isa = PBXSourcesBuildPhase;
			buildActionMask = 2147483647;
			files = (
				9C406C821A11CBA300D1F63E /* Tennis.swift in Sources */,
				9C406C771A11CAB300D1F63E /* TennisGameTests.swift in Sources */,
			);
			runOnlyForDeploymentPostprocessing = 0;
		};
/* End PBXSourcesBuildPhase section */

/* Begin PBXTargetDependency section */
		9C406C721A11CAB300D1F63E /* PBXTargetDependency */ = {
			isa = PBXTargetDependency;
			target = 9C406C5F1A11CAB200D1F63E /* TennisGame */;
			targetProxy = 9C406C711A11CAB300D1F63E /* PBXContainerItemProxy */;
		};
/* End PBXTargetDependency section */

/* Begin PBXVariantGroup section */
		9C406C691A11CAB200D1F63E /* MainMenu.xib */ = {
			isa = PBXVariantGroup;
			children = (
				9C406C6A1A11CAB200D1F63E /* Base */,
			);
			name = MainMenu.xib;
			sourceTree = "<group>";
		};
/* End PBXVariantGroup section */

/* Begin XCBuildConfiguration section */
		9C406C781A11CAB300D1F63E /* Debug */ = {
			isa = XCBuildConfiguration;
			buildSettings = {
				ALWAYS_SEARCH_USER_PATHS = NO;
				CLANG_CXX_LANGUAGE_STANDARD = "gnu++0x";
				CLANG_CXX_LIBRARY = "libc++";
				CLANG_ENABLE_MODULES = YES;
				CLANG_ENABLE_OBJC_ARC = YES;
				CLANG_WARN_BOOL_CONVERSION = YES;
				CLANG_WARN_CONSTANT_CONVERSION = YES;
				CLANG_WARN_DIRECT_OBJC_ISA_USAGE = YES_ERROR;
				CLANG_WARN_EMPTY_BODY = YES;
				CLANG_WARN_ENUM_CONVERSION = YES;
				CLANG_WARN_INT_CONVERSION = YES;
				CLANG_WARN_OBJC_ROOT_CLASS = YES_ERROR;
				CLANG_WARN_UNREACHABLE_CODE = YES;
				CLANG_WARN__DUPLICATE_METHOD_MATCH = YES;
				CODE_SIGN_IDENTITY = "-";
				COPY_PHASE_STRIP = NO;
				ENABLE_STRICT_OBJC_MSGSEND = YES;
				GCC_C_LANGUAGE_STANDARD = gnu99;
				GCC_DYNAMIC_NO_PIC = NO;
				GCC_OPTIMIZATION_LEVEL = 0;
				GCC_PREPROCESSOR_DEFINITIONS = (
					"DEBUG=1",
					"$(inherited)",
				);
				GCC_SYMBOLS_PRIVATE_EXTERN = NO;
				GCC_WARN_64_TO_32_BIT_CONVERSION = YES;
				GCC_WARN_ABOUT_RETURN_TYPE = YES_ERROR;
				GCC_WARN_UNDECLARED_SELECTOR = YES;
				GCC_WARN_UNINITIALIZED_AUTOS = YES_AGGRESSIVE;
				GCC_WARN_UNUSED_FUNCTION = YES;
				GCC_WARN_UNUSED_VARIABLE = YES;
				MACOSX_DEPLOYMENT_TARGET = 10.10;
				MTL_ENABLE_DEBUG_INFO = YES;
				ONLY_ACTIVE_ARCH = YES;
				SDKROOT = macosx;
				SWIFT_OPTIMIZATION_LEVEL = "-Onone";
			};
			name = Debug;
		};
		9C406C791A11CAB300D1F63E /* Release */ = {
			isa = XCBuildConfiguration;
			buildSettings = {
				ALWAYS_SEARCH_USER_PATHS = NO;
				CLANG_CXX_LANGUAGE_STANDARD = "gnu++0x";
				CLANG_CXX_LIBRARY = "libc++";
				CLANG_ENABLE_MODULES = YES;
				CLANG_ENABLE_OBJC_ARC = YES;
				CLANG_WARN_BOOL_CONVERSION = YES;
				CLANG_WARN_CONSTANT_CONVERSION = YES;
				CLANG_WARN_DIRECT_OBJC_ISA_USAGE = YES_ERROR;
				CLANG_WARN_EMPTY_BODY = YES;
				CLANG_WARN_ENUM_CONVERSION = YES;
				CLANG_WARN_INT_CONVERSION = YES;
				CLANG_WARN_OBJC_ROOT_CLASS = YES_ERROR;
				CLANG_WARN_UNREACHABLE_CODE = YES;
				CLANG_WARN__DUPLICATE_METHOD_MATCH = YES;
				CODE_SIGN_IDENTITY = "-";
				COPY_PHASE_STRIP = YES;
				DEBUG_INFORMATION_FORMAT = "dwarf-with-dsym";
				ENABLE_NS_ASSERTIONS = NO;
				ENABLE_STRICT_OBJC_MSGSEND = YES;
				GCC_C_LANGUAGE_STANDARD = gnu99;
				GCC_WARN_64_TO_32_BIT_CONVERSION = YES;
				GCC_WARN_ABOUT_RETURN_TYPE = YES_ERROR;
				GCC_WARN_UNDECLARED_SELECTOR = YES;
				GCC_WARN_UNINITIALIZED_AUTOS = YES_AGGRESSIVE;
				GCC_WARN_UNUSED_FUNCTION = YES;
				GCC_WARN_UNUSED_VARIABLE = YES;
				MACOSX_DEPLOYMENT_TARGET = 10.10;
				MTL_ENABLE_DEBUG_INFO = NO;
				SDKROOT = macosx;
			};
			name = Release;
		};
		9C406C7B1A11CAB300D1F63E /* Debug */ = {
			isa = XCBuildConfiguration;
			buildSettings = {
				ASSETCATALOG_COMPILER_APPICON_NAME = AppIcon;
				COMBINE_HIDPI_IMAGES = YES;
				INFOPLIST_FILE = TennisGame/Info.plist;
				LD_RUNPATH_SEARCH_PATHS = "$(inherited) @executable_path/../Frameworks";
				PRODUCT_NAME = "$(TARGET_NAME)";
			};
			name = Debug;
		};
		9C406C7C1A11CAB300D1F63E /* Release */ = {
			isa = XCBuildConfiguration;
			buildSettings = {
				ASSETCATALOG_COMPILER_APPICON_NAME = AppIcon;
				COMBINE_HIDPI_IMAGES = YES;
				INFOPLIST_FILE = TennisGame/Info.plist;
				LD_RUNPATH_SEARCH_PATHS = "$(inherited) @executable_path/../Frameworks";
				PRODUCT_NAME = "$(TARGET_NAME)";
			};
			name = Release;
		};
		9C406C7E1A11CAB300D1F63E /* Debug */ = {
			isa = XCBuildConfiguration;
			buildSettings = {
				COMBINE_HIDPI_IMAGES = YES;
				FRAMEWORK_SEARCH_PATHS = (
					"$(DEVELOPER_FRAMEWORKS_DIR)",
					"$(inherited)",
				);
				GCC_PREPROCESSOR_DEFINITIONS = (
					"DEBUG=1",
					"$(inherited)",
				);
				INFOPLIST_FILE = TennisGameTests/Info.plist;
				LD_RUNPATH_SEARCH_PATHS = "$(inherited) @executable_path/../Frameworks @loader_path/../Frameworks";
				PRODUCT_NAME = "$(TARGET_NAME)";
			};
			name = Debug;
		};
		9C406C7F1A11CAB300D1F63E /* Release */ = {
			isa = XCBuildConfiguration;
			buildSettings = {
				COMBINE_HIDPI_IMAGES = YES;
				FRAMEWORK_SEARCH_PATHS = (
					"$(DEVELOPER_FRAMEWORKS_DIR)",
					"$(inherited)",
				);
				INFOPLIST_FILE = TennisGameTests/Info.plist;
				LD_RUNPATH_SEARCH_PATHS = "$(inherited) @executable_path/../Frameworks @loader_path/../Frameworks";
				PRODUCT_NAME = "$(TARGET_NAME)";
			};
			name = Release;
		};
/* End XCBuildConfiguration section */

/* Begin XCConfigurationList section */
		9C406C5B1A11CAB200D1F63E /* Build configuration list for PBXProject "TennisGame" */ = {
			isa = XCConfigurationList;
			buildConfigurations = (
				9C406C781A11CAB300D1F63E /* Debug */,
				9C406C791A11CAB300D1F63E /* Release */,
			);
			defaultConfigurationIsVisible = 0;
			defaultConfigurationName = Release;
		};
		9C406C7A1A11CAB300D1F63E /* Build configuration list for PBXNativeTarget "TennisGame" */ = {
			isa = XCConfigurationList;
			buildConfigurations = (
				9C406C7B1A11CAB300D1F63E /* Debug */,
				9C406C7C1A11CAB300D1F63E /* Release */,
			);
			defaultConfigurationIsVisible = 0;
		};
		9C406C7D1A11CAB300D1F63E /* Build configuration list for PBXNativeTarget "TennisGameTests" */ = {
			isa = XCConfigurationList;
			buildConfigurations = (
				9C406C7E1A11CAB300D1F63E /* Debug */,
				9C406C7F1A11CAB300D1F63E /* Release */,
			);
			defaultConfigurationIsVisible = 0;
		};
/* End XCConfigurationList section */
	};
	rootObject = 9C406C581A11CAB200D1F63E /* Project object */;
}
